
Microsoft Visual Studio Solution File, Format Version 12.00
# Visual Studio Version 16
VisualStudioVersion = 16.0.31624.102
MinimumVisualStudioVersion = 10.0.40219.1
Project("{FAE04EC0-301F-11D3-BF4B-00C04F79EFBC}") = "LR6_ASP6", "LR6_ASP6\LR6_ASP6.csproj", "{D74D4B32-94A6-41D3-B35C-340350B86B51}"
EndProject
Global
	GlobalSection(SolutionConfigurationPlatforms) = preSolution
		Debug|Any CPU = Debug|Any CPU
		Release|Any CPU = Release|Any CPU
	EndGlobalSection
	GlobalSection(ProjectConfigurationPlatforms) = postSolution
		{D74D4B32-94A6-41D3-B35C-340350B86B51}.Debug|Any CPU.ActiveCfg = Debug|Any CPU
		{D74D4B32-94A6-41D3-B35C-340350B86B51}.Debug|Any CPU.Build.0 = Debug|Any CPU
		{D74D4B32-94A6-41D3-B35C-340350B86B51}.Release|Any CPU.ActiveCfg = Release|Any CPU
		{D74D4B32-94A6-41D3-B35C-340350B86B51}.Release|Any CPU.Build.0 = Release|Any CPU
	EndGlobalSection
	GlobalSection(SolutionProperties) = preSolution
		HideSolutionNode = FALSE
	EndGlobalSection
	GlobalSection(ExtensibilityGlobals) = postSolution
		SolutionGuid = {EA9473AF-4C79-4906-BA50-0DECD2927705}
	EndGlobalSection
EndGlobal
